
Microsoft Visual Studio Solution File, Format Version 12.00
# Visual Studio Version 16
VisualStudioVersion = 16.0.32510.428
MinimumVisualStudioVersion = 10.0.40219.1
Project("{FAE04EC0-301F-11D3-BF4B-00C04F79EFBC}") = "PM.Navisworks.ClashTools", "PM.Navisworks.ClashTools\PM.Navisworks.ClashTools.csproj", "{CFA9E7B3-DBA8-493E-8666-956647BE5418}"
EndProject
Global
	GlobalSection(SolutionConfigurationPlatforms) = preSolution
		Debug|Any CPU = Debug|Any CPU
		Debug|x64 = Debug|x64
		Release|Any CPU = Release|Any CPU
		Release|x64 = Release|x64
	EndGlobalSection
	GlobalSection(ProjectConfigurationPlatforms) = postSolution
		{CFA9E7B3-DBA8-493E-8666-956647BE5418}.Debug|Any CPU.ActiveCfg = Debug|Any CPU
		{CFA9E7B3-DBA8-493E-8666-956647BE5418}.Debug|Any CPU.Build.0 = Debug|Any CPU
		{CFA9E7B3-DBA8-493E-8666-956647BE5418}.Debug|x64.ActiveCfg = Debug|x64
		{CFA9E7B3-DBA8-493E-8666-956647BE5418}.Debug|x64.Build.0 = Debug|x64
		{CFA9E7B3-DBA8-493E-8666-956647BE5418}.Release|Any CPU.ActiveCfg = Release|Any CPU
		{CFA9E7B3-DBA8-493E-8666-956647BE5418}.Release|Any CPU.Build.0 = Release|Any CPU
		{CFA9E7B3-DBA8-493E-8666-956647BE5418}.Release|x64.ActiveCfg = Release|Any CPU
		{CFA9E7B3-DBA8-493E-8666-956647BE5418}.Release|x64.Build.0 = Release|Any CPU
	EndGlobalSection
	GlobalSection(SolutionProperties) = preSolution
		HideSolutionNode = FALSE
	EndGlobalSection
	GlobalSection(ExtensibilityGlobals) = postSolution
		SolutionGuid = {3FD8329F-558D-4834-A5CE-24D8E54C4665}
	EndGlobalSection
EndGlobal
